
Microsoft Visual Studio Solution File, Format Version 12.00
# Visual Studio 15
VisualStudioVersion = 15.0.27703.2000
MinimumVisualStudioVersion = 10.0.40219.1
Project("{FAE04EC0-301F-11D3-BF4B-00C04F79EFBC}") = "seacollegeproject.Android", "seacollegeproject\seacollegeproject.Android\seacollegeproject.Android.csproj", "{E9348BC2-520A-444A-9547-731A38B41D75}"
EndProject
Project("{FAE04EC0-301F-11D3-BF4B-00C04F79EFBC}") = "seacollegeproject.iOS", "seacollegeproject\seacollegeproject.iOS\seacollegeproject.iOS.csproj", "{416E85D3-F088-4903-A34F-06DD4FAF218D}"
EndProject
Project("{FAE04EC0-301F-11D3-BF4B-00C04F79EFBC}") = "seacollegeproject.UWP", "seacollegeproject\seacollegeproject.UWP\seacollegeproject.UWP.csproj", "{70952801-1168-42B3-8857-8AA7C39962D6}"
EndProject
Project("{FAE04EC0-301F-11D3-BF4B-00C04F79EFBC}") = "seacollegeproject", "seacollegeproject\seacollegeproject\seacollegeproject.csproj", "{F8C387FF-9489-4AC0-BA3B-D83A734BB57E}"
EndProject
Global
	GlobalSection(SolutionConfigurationPlatforms) = preSolution
		Ad-Hoc|Any CPU = Ad-Hoc|Any CPU
		Ad-Hoc|ARM = Ad-Hoc|ARM
		Ad-Hoc|iPhone = Ad-Hoc|iPhone
		Ad-Hoc|iPhoneSimulator = Ad-Hoc|iPhoneSimulator
		Ad-Hoc|x64 = Ad-Hoc|x64
		Ad-Hoc|x86 = Ad-Hoc|x86
		AppStore|Any CPU = AppStore|Any CPU
		AppStore|ARM = AppStore|ARM
		AppStore|iPhone = AppStore|iPhone
		AppStore|iPhoneSimulator = AppStore|iPhoneSimulator
		AppStore|x64 = AppStore|x64
		AppStore|x86 = AppStore|x86
		Debug|Any CPU = Debug|Any CPU
		Debug|ARM = Debug|ARM
		Debug|iPhone = Debug|iPhone
		Debug|iPhoneSimulator = Debug|iPhoneSimulator
		Debug|x64 = Debug|x64
		Debug|x86 = Debug|x86
		Release|Any CPU = Release|Any CPU
		Release|ARM = Release|ARM
		Release|iPhone = Release|iPhone
		Release|iPhoneSimulator = Release|iPhoneSimulator
		Release|x64 = Release|x64
		Release|x86 = Release|x86
	EndGlobalSection
	GlobalSection(ProjectConfigurationPlatforms) = postSolution
		{E9348BC2-520A-444A-9547-731A38B41D75}.Ad-Hoc|Any CPU.ActiveCfg = Release|Any CPU
		{E9348BC2-520A-444A-9547-731A38B41D75}.Ad-Hoc|Any CPU.Build.0 = Release|Any CPU
		{E9348BC2-520A-444A-9547-731A38B41D75}.Ad-Hoc|Any CPU.Deploy.0 = Release|Any CPU
		{E9348BC2-520A-444A-9547-731A38B41D75}.Ad-Hoc|ARM.ActiveCfg = Release|Any CPU
		{E9348BC2-520A-444A-9547-731A38B41D75}.Ad-Hoc|ARM.Build.0 = Release|Any CPU
		{E9348BC2-520A-444A-9547-731A38B41D75}.Ad-Hoc|ARM.Deploy.0 = Release|Any CPU
		{E9348BC2-520A-444A-9547-731A38B41D75}.Ad-Hoc|iPhone.ActiveCfg = Release|Any CPU
		{E9348BC2-520A-444A-9547-731A38B41D75}.Ad-Hoc|iPhone.Build.0 = Release|Any CPU
		{E9348BC2-520A-444A-9547-731A38B41D75}.Ad-Hoc|iPhone.Deploy.0 = Release|Any CPU
		{E9348BC2-520A-444A-9547-731A38B41D75}.Ad-Hoc|iPhoneSimulator.ActiveCfg = Release|Any CPU
		{E9348BC2-520A-444A-9547-731A38B41D75}.Ad-Hoc|iPhoneSimulator.Build.0 = Release|Any CPU
		{E9348BC2-520A-444A-9547-731A38B41D75}.Ad-Hoc|iPhoneSimulator.Deploy.0 = Release|Any CPU
		{E9348BC2-520A-444A-9547-731A38B41D75}.Ad-Hoc|x64.ActiveCfg = Release|Any CPU
		{E9348BC2-520A-444A-9547-731A38B41D75}.Ad-Hoc|x64.Build.0 = Release|Any CPU
		{E9348BC2-520A-444A-9547-731A38B41D75}.Ad-Hoc|x64.Deploy.0 = Release|Any CPU
		{E9348BC2-520A-444A-9547-731A38B41D75}.Ad-Hoc|x86.ActiveCfg = Release|Any CPU
		{E9348BC2-520A-444A-9547-731A38B41D75}.Ad-Hoc|x86.Build.0 = Release|Any CPU
		{E9348BC2-520A-444A-9547-731A38B41D75}.Ad-Hoc|x86.Deploy.0 = Release|Any CPU
		{E9348BC2-520A-444A-9547-731A38B41D75}.AppStore|Any CPU.ActiveCfg = Release|Any CPU
		{E9348BC2-520A-444A-9547-731A38B41D75}.AppStore|Any CPU.Build.0 = Release|Any CPU
		{E9348BC2-520A-444A-9547-731A38B41D75}.AppStore|Any CPU.Deploy.0 = Release|Any CPU
		{E9348BC2-520A-444A-9547-731A38B41D75}.AppStore|ARM.ActiveCfg = Release|Any CPU
		{E9348BC2-520A-444A-9547-731A38B41D75}.AppStore|ARM.Build.0 = Release|Any CPU
		{E9348BC2-520A-444A-9547-731A38B41D75}.AppStore|ARM.Deploy.0 = Release|Any CPU
		{E9348BC2-520A-444A-9547-731A38B41D75}.AppStore|iPhone.ActiveCfg = Release|Any CPU
		{E9348BC2-520A-444A-9547-731A38B41D75}.AppStore|iPhone.Build.0 = Release|Any CPU
		{E9348BC2-520A-444A-9547-731A38B41D75}.AppStore|iPhone.Deploy.0 = Release|Any CPU
		{E9348BC2-520A-444A-9547-731A38B41D75}.AppStore|iPhoneSimulator.ActiveCfg = Release|Any CPU
		{E9348BC2-520A-444A-9547-731A38B41D75}.AppStore|iPhoneSimulator.Build.0 = Release|Any CPU
		{E9348BC2-520A-444A-9547-731A38B41D75}.AppStore|iPhoneSimulator.Deploy.0 = Release|Any CPU
		{E9348BC2-520A-444A-9547-731A38B41D75}.AppStore|x64.ActiveCfg = Release|Any CPU
		{E9348BC2-520A-444A-9547-731A38B41D75}.AppStore|x64.Build.0 = Release|Any CPU
		{E9348BC2-520A-444A-9547-731A38B41D75}.AppStore|x64.Deploy.0 = Release|Any CPU
		{E9348BC2-520A-444A-9547-731A38B41D75}.AppStore|x86.ActiveCfg = Release|Any CPU
		{E9348BC2-520A-444A-9547-731A38B41D75}.AppStore|x86.Build.0 = Release|Any CPU
		{E9348BC2-520A-444A-9547-731A38B41D75}.AppStore|x86.Deploy.0 = Release|Any CPU
		{E9348BC2-520A-444A-9547-731A38B41D75}.Debug|Any CPU.ActiveCfg = Debug|Any CPU
		{E9348BC2-520A-444A-9547-731A38B41D75}.Debug|Any CPU.Build.0 = Debug|Any CPU
		{E9348BC2-520A-444A-9547-731A38B41D75}.Debug|Any CPU.Deploy.0 = Debug|Any CPU
		{E9348BC2-520A-444A-9547-731A38B41D75}.Debug|ARM.ActiveCfg = Debug|Any CPU
		{E9348BC2-520A-444A-9547-731A38B41D75}.Debug|ARM.Build.0 = Debug|Any CPU
		{E9348BC2-520A-444A-9547-731A38B41D75}.Debug|ARM.Deploy.0 = Debug|Any CPU
		{E9348BC2-520A-444A-9547-731A38B41D75}.Debug|iPhone.ActiveCfg = Debug|Any CPU
		{E9348BC2-520A-444A-9547-731A38B41D75}.Debug|iPhone.Build.0 = Debug|Any CPU
		{E9348BC2-520A-444A-9547-731A38B41D75}.Debug|iPhone.Deploy.0 = Debug|Any CPU
		{E9348BC2-520A-444A-9547-731A38B41D75}.Debug|iPhoneSimulator.ActiveCfg = Debug|Any CPU
		{E9348BC2-520A-444A-9547-731A38B41D75}.Debug|iPhoneSimulator.Build.0 = Debug|Any CPU
		{E9348BC2-520A-444A-9547-731A38B41D75}.Debug|iPhoneSimulator.Deploy.0 = Debug|Any CPU
		{E9348BC2-520A-444A-9547-731A38B41D75}.Debug|x64.ActiveCfg = Debug|Any CPU
		{E9348BC2-520A-444A-9547-731A38B41D75}.Debug|x64.Build.0 = Debug|Any CPU
		{E9348BC2-520A-444A-9547-731A38B41D75}.Debug|x64.Deploy.0 = Debug|Any CPU
		{E9348BC2-520A-444A-9547-731A38B41D75}.Debug|x86.ActiveCfg = Debug|Any CPU
		{E9348BC2-520A-444A-9547-731A38B41D75}.Debug|x86.Build.0 = Debug|Any CPU
		{E9348BC2-520A-444A-9547-731A38B41D75}.Debug|x86.Deploy.0 = Debug|Any CPU
		{E9348BC2-520A-444A-9547-731A38B41D75}.Release|Any CPU.ActiveCfg = Release|Any CPU
		{E9348BC2-520A-444A-9547-731A38B41D75}.Release|Any CPU.Build.0 = Release|Any CPU
		{E9348BC2-520A-444A-9547-731A38B41D75}.Release|Any CPU.Deploy.0 = Release|Any CPU
		{E9348BC2-520A-444A-9547-731A38B41D75}.Release|ARM.ActiveCfg = Release|Any CPU
		{E9348BC2-520A-444A-9547-731A38B41D75}.Release|ARM.Build.0 = Release|Any CPU
		{E9348BC2-520A-444A-9547-731A38B41D75}.Release|ARM.Deploy.0 = Release|Any CPU
		{E9348BC2-520A-444A-9547-731A38B41D75}.Release|iPhone.ActiveCfg = Release|Any CPU
		{E9348BC2-520A-444A-9547-731A38B41D75}.Release|iPhone.Build.0 = Release|Any CPU
		{E9348BC2-520A-444A-9547-731A38B41D75}.Release|iPhone.Deploy.0 = Release|Any CPU
		{E9348BC2-520A-444A-9547-731A38B41D75}.Release|iPhoneSimulator.ActiveCfg = Release|Any CPU
		{E9348BC2-520A-444A-9547-731A38B41D75}.Release|iPhoneSimulator.Build.0 = Release|Any CPU
		{E9348BC2-520A-444A-9547-731A38B41D75}.Release|iPhoneSimulator.Deploy.0 = Release|Any CPU
		{E9348BC2-520A-444A-9547-731A38B41D75}.Release|x64.ActiveCfg = Release|Any CPU
		{E9348BC2-520A-444A-9547-731A38B41D75}.Release|x64.Build.0 = Release|Any CPU
		{E9348BC2-520A-444A-9547-731A38B41D75}.Release|x64.Deploy.0 = Release|Any CPU
		{E9348BC2-520A-444A-9547-731A38B41D75}.Release|x86.ActiveCfg = Release|Any CPU
		{E9348BC2-520A-444A-9547-731A38B41D75}.Release|x86.Build.0 = Release|Any CPU
		{E9348BC2-520A-444A-9547-731A38B41D75}.Release|x86.Deploy.0 = Release|Any CPU
		{416E85D3-F088-4903-A34F-06DD4FAF218D}.Ad-Hoc|Any CPU.ActiveCfg = Ad-Hoc|iPhone
		{416E85D3-F088-4903-A34F-06DD4FAF218D}.Ad-Hoc|Any CPU.Build.0 = Ad-Hoc|iPhone
		{416E85D3-F088-4903-A34F-06DD4FAF218D}.Ad-Hoc|Any CPU.Deploy.0 = Ad-Hoc|iPhone
		{416E85D3-F088-4903-A34F-06DD4FAF218D}.Ad-Hoc|ARM.ActiveCfg = Ad-Hoc|iPhone
		{416E85D3-F088-4903-A34F-06DD4FAF218D}.Ad-Hoc|ARM.Build.0 = Ad-Hoc|iPhone
		{416E85D3-F088-4903-A34F-06DD4FAF218D}.Ad-Hoc|ARM.Deploy.0 = Ad-Hoc|iPhone
		{416E85D3-F088-4903-A34F-06DD4FAF218D}.Ad-Hoc|iPhone.ActiveCfg = Ad-Hoc|iPhone
		{416E85D3-F088-4903-A34F-06DD4FAF218D}.Ad-Hoc|iPhone.Build.0 = Ad-Hoc|iPhone
		{416E85D3-F088-4903-A34F-06DD4FAF218D}.Ad-Hoc|iPhone.Deploy.0 = Ad-Hoc|iPhone
		{416E85D3-F088-4903-A34F-06DD4FAF218D}.Ad-Hoc|iPhoneSimulator.ActiveCfg = Ad-Hoc|iPhoneSimulator
		{416E85D3-F088-4903-A34F-06DD4FAF218D}.Ad-Hoc|iPhoneSimulator.Build.0 = Ad-Hoc|iPhoneSimulator
		{416E85D3-F088-4903-A34F-06DD4FAF218D}.Ad-Hoc|iPhoneSimulator.Deploy.0 = Ad-Hoc|iPhoneSimulator
		{416E85D3-F088-4903-A34F-06DD4FAF218D}.Ad-Hoc|x64.ActiveCfg = Ad-Hoc|iPhone
		{416E85D3-F088-4903-A34F-06DD4FAF218D}.Ad-Hoc|x64.Build.0 = Ad-Hoc|iPhone
		{416E85D3-F088-4903-A34F-06DD4FAF218D}.Ad-Hoc|x64.Deploy.0 = Ad-Hoc|iPhone
		{416E85D3-F088-4903-A34F-06DD4FAF218D}.Ad-Hoc|x86.ActiveCfg = Ad-Hoc|iPhone
		{416E85D3-F088-4903-A34F-06DD4FAF218D}.Ad-Hoc|x86.Build.0 = Ad-Hoc|iPhone
		{416E85D3-F088-4903-A34F-06DD4FAF218D}.Ad-Hoc|x86.Deploy.0 = Ad-Hoc|iPhone
		{416E85D3-F088-4903-A34F-06DD4FAF218D}.AppStore|Any CPU.ActiveCfg = AppStore|iPhone
		{416E85D3-F088-4903-A34F-06DD4FAF218D}.AppStore|Any CPU.Build.0 = AppStore|iPhone
		{416E85D3-F088-4903-A34F-06DD4FAF218D}.AppStore|Any CPU.Deploy.0 = AppStore|iPhone
		{416E85D3-F088-4903-A34F-06DD4FAF218D}.AppStore|ARM.ActiveCfg = AppStore|iPhone
		{416E85D3-F088-4903-A34F-06DD4FAF218D}.AppStore|ARM.Build.0 = AppStore|iPhone
		{416E85D3-F088-4903-A34F-06DD4FAF218D}.AppStore|ARM.Deploy.0 = AppStore|iPhone
		{416E85D3-F088-4903-A34F-06DD4FAF218D}.AppStore|iPhone.ActiveCfg = AppStore|iPhone
		{416E85D3-F088-4903-A34F-06DD4FAF218D}.AppStore|iPhone.Build.0 = AppStore|iPhone
		{416E85D3-F088-4903-A34F-06DD4FAF218D}.AppStore|iPhone.Deploy.0 = AppStore|iPhone
		{416E85D3-F088-4903-A34F-06DD4FAF218D}.AppStore|iPhoneSimulator.ActiveCfg = AppStore|iPhoneSimulator
		{416E85D3-F088-4903-A34F-06DD4FAF218D}.AppStore|iPhoneSimulator.Build.0 = AppStore|iPhoneSimulator
		{416E85D3-F088-4903-A34F-06DD4FAF218D}.AppStore|iPhoneSimulator.Deploy.0 = AppStore|iPhoneSimulator
		{416E85D3-F088-4903-A34F-06DD4FAF218D}.AppStore|x64.ActiveCfg = AppStore|iPhone
		{416E85D3-F088-4903-A34F-06DD4FAF218D}.AppStore|x64.Build.0 = AppStore|iPhone
		{416E85D3-F088-4903-A34F-06DD4FAF218D}.AppStore|x64.Deploy.0 = AppStore|iPhone
		{416E85D3-F088-4903-A34F-06DD4FAF218D}.AppStore|x86.ActiveCfg = AppStore|iPhone
		{416E85D3-F088-4903-A34F-06DD4FAF218D}.AppStore|x86.Build.0 = AppStore|iPhone
		{416E85D3-F088-4903-A34F-06DD4FAF218D}.AppStore|x86.Deploy.0 = AppStore|iPhone
		{416E85D3-F088-4903-A34F-06DD4FAF218D}.Debug|Any CPU.ActiveCfg = Debug|iPhoneSimulator
		{416E85D3-F088-4903-A34F-06DD4FAF218D}.Debug|Any CPU.Build.0 = Debug|iPhoneSimulator
		{416E85D3-F088-4903-A34F-06DD4FAF218D}.Debug|Any CPU.Deploy.0 = Debug|iPhoneSimulator
		{416E85D3-F088-4903-A34F-06DD4FAF218D}.Debug|ARM.ActiveCfg = Debug|iPhone
		{416E85D3-F088-4903-A34F-06DD4FAF218D}.Debug|ARM.Build.0 = Debug|iPhone
		{416E85D3-F088-4903-A34F-06DD4FAF218D}.Debug|ARM.Deploy.0 = Debug|iPhone
		{416E85D3-F088-4903-A34F-06DD4FAF218D}.Debug|iPhone.ActiveCfg = Debug|iPhone
		{416E85D3-F088-4903-A34F-06DD4FAF218D}.Debug|iPhone.Build.0 = Debug|iPhone
		{416E85D3-F088-4903-A34F-06DD4FAF218D}.Debug|iPhone.Deploy.0 = Debug|iPhone
		{416E85D3-F088-4903-A34F-06DD4FAF218D}.Debug|iPhoneSimulator.ActiveCfg = Debug|iPhoneSimulator
		{416E85D3-F088-4903-A34F-06DD4FAF218D}.Debug|iPhoneSimulator.Build.0 = Debug|iPhoneSimulator
		{416E85D3-F088-4903-A34F-06DD4FAF218D}.Debug|iPhoneSimulator.Deploy.0 = Debug|iPhoneSimulator
		{416E85D3-F088-4903-A34F-06DD4FAF218D}.Debug|x64.ActiveCfg = Debug|iPhone
		{416E85D3-F088-4903-A34F-06DD4FAF218D}.Debug|x64.Build.0 = Debug|iPhone
		{416E85D3-F088-4903-A34F-06DD4FAF218D}.Debug|x64.Deploy.0 = Debug|iPhone
		{416E85D3-F088-4903-A34F-06DD4FAF218D}.Debug|x86.ActiveCfg = Debug|iPhone
		{416E85D3-F088-4903-A34F-06DD4FAF218D}.Debug|x86.Build.0 = Debug|iPhone
		{416E85D3-F088-4903-A34F-06DD4FAF218D}.Debug|x86.Deploy.0 = Debug|iPhone
		{416E85D3-F088-4903-A34F-06DD4FAF218D}.Release|Any CPU.ActiveCfg = Release|iPhone
		{416E85D3-F088-4903-A34F-06DD4FAF218D}.Release|Any CPU.Build.0 = Release|iPhone
		{416E85D3-F088-4903-A34F-06DD4FAF218D}.Release|Any CPU.Deploy.0 = Release|iPhone
		{416E85D3-F088-4903-A34F-06DD4FAF218D}.Release|ARM.ActiveCfg = Release|iPhone
		{416E85D3-F088-4903-A34F-06DD4FAF218D}.Release|ARM.Build.0 = Release|iPhone
		{416E85D3-F088-4903-A34F-06DD4FAF218D}.Release|ARM.Deploy.0 = Release|iPhone
		{416E85D3-F088-4903-A34F-06DD4FAF218D}.Release|iPhone.ActiveCfg = Release|iPhone
		{416E85D3-F088-4903-A34F-06DD4FAF218D}.Release|iPhone.Build.0 = Release|iPhone
		{416E85D3-F088-4903-A34F-06DD4FAF218D}.Release|iPhone.Deploy.0 = Release|iPhone
		{416E85D3-F088-4903-A34F-06DD4FAF218D}.Release|iPhoneSimulator.ActiveCfg = Release|iPhoneSimulator
		{416E85D3-F088-4903-A34F-06DD4FAF218D}.Release|iPhoneSimulator.Build.0 = Release|iPhoneSimulator
		{416E85D3-F088-4903-A34F-06DD4FAF218D}.Release|iPhoneSimulator.Deploy.0 = Release|iPhoneSimulator
		{416E85D3-F088-4903-A34F-06DD4FAF218D}.Release|x64.ActiveCfg = Release|iPhone
		{416E85D3-F088-4903-A34F-06DD4FAF218D}.Release|x64.Build.0 = Release|iPhone
		{416E85D3-F088-4903-A34F-06DD4FAF218D}.Release|x64.Deploy.0 = Release|iPhone
		{416E85D3-F088-4903-A34F-06DD4FAF218D}.Release|x86.ActiveCfg = Release|iPhone
		{416E85D3-F088-4903-A34F-06DD4FAF218D}.Release|x86.Build.0 = Release|iPhone
		{416E85D3-F088-4903-A34F-06DD4FAF218D}.Release|x86.Deploy.0 = Release|iPhone
		{70952801-1168-42B3-8857-8AA7C39962D6}.Ad-Hoc|Any CPU.ActiveCfg = Release|x86
		{70952801-1168-42B3-8857-8AA7C39962D6}.Ad-Hoc|Any CPU.Build.0 = Release|x86
		{70952801-1168-42B3-8857-8AA7C39962D6}.Ad-Hoc|Any CPU.Deploy.0 = Release|x86
		{70952801-1168-42B3-8857-8AA7C39962D6}.Ad-Hoc|ARM.ActiveCfg = Release|ARM
		{70952801-1168-42B3-8857-8AA7C39962D6}.Ad-Hoc|ARM.Build.0 = Release|ARM
		{70952801-1168-42B3-8857-8AA7C39962D6}.Ad-Hoc|ARM.Deploy.0 = Release|ARM
		{70952801-1168-42B3-8857-8AA7C39962D6}.Ad-Hoc|iPhone.ActiveCfg = Release|x86
		{70952801-1168-42B3-8857-8AA7C39962D6}.Ad-Hoc|iPhone.Build.0 = Release|x86
		{70952801-1168-42B3-8857-8AA7C39962D6}.Ad-Hoc|iPhone.Deploy.0 = Release|x86
		{70952801-1168-42B3-8857-8AA7C39962D6}.Ad-Hoc|iPhoneSimulator.ActiveCfg = Release|x86
		{70952801-1168-42B3-8857-8AA7C39962D6}.Ad-Hoc|iPhoneSimulator.Build.0 = Release|x86
		{70952801-1168-42B3-8857-8AA7C39962D6}.Ad-Hoc|iPhoneSimulator.Deploy.0 = Release|x86
		{70952801-1168-42B3-8857-8AA7C39962D6}.Ad-Hoc|x64.ActiveCfg = Release|x64
		{70952801-1168-42B3-8857-8AA7C39962D6}.Ad-Hoc|x64.Build.0 = Release|x64
		{70952801-1168-42B3-8857-8AA7C39962D6}.Ad-Hoc|x64.Deploy.0 = Release|x64
		{70952801-1168-42B3-8857-8AA7C39962D6}.Ad-Hoc|x86.ActiveCfg = Release|x86
		{70952801-1168-42B3-8857-8AA7C39962D6}.Ad-Hoc|x86.Build.0 = Release|x86
		{70952801-1168-42B3-8857-8AA7C39962D6}.Ad-Hoc|x86.Deploy.0 = Release|x86
		{70952801-1168-42B3-8857-8AA7C39962D6}.AppStore|Any CPU.ActiveCfg = Release|x86
		{70952801-1168-42B3-8857-8AA7C39962D6}.AppStore|Any CPU.Build.0 = Release|x86
		{70952801-1168-42B3-8857-8AA7C39962D6}.AppStore|Any CPU.Deploy.0 = Release|x86
		{70952801-1168-42B3-8857-8AA7C39962D6}.AppStore|ARM.ActiveCfg = Release|ARM
		{70952801-1168-42B3-8857-8AA7C39962D6}.AppStore|ARM.Build.0 = Release|ARM
		{70952801-1168-42B3-8857-8AA7C39962D6}.AppStore|ARM.Deploy.0 = Release|ARM
		{70952801-1168-42B3-8857-8AA7C39962D6}.AppStore|iPhone.ActiveCfg = Release|x86
		{70952801-1168-42B3-8857-8AA7C39962D6}.AppStore|iPhone.Build.0 = Release|x86
		{70952801-1168-42B3-8857-8AA7C39962D6}.AppStore|iPhone.Deploy.0 = Release|x86
		{70952801-1168-42B3-8857-8AA7C39962D6}.AppStore|iPhoneSimulator.ActiveCfg = Release|x86
		{70952801-1168-42B3-8857-8AA7C39962D6}.AppStore|iPhoneSimulator.Build.0 = Release|x86
		{70952801-1168-42B3-8857-8AA7C39962D6}.AppStore|iPhoneSimulator.Deploy.0 = Release|x86
		{70952801-1168-42B3-8857-8AA7C39962D6}.AppStore|x64.ActiveCfg = Release|x64
		{70952801-1168-42B3-8857-8AA7C39962D6}.AppStore|x64.Build.0 = Release|x64
		{70952801-1168-42B3-8857-8AA7C39962D6}.AppStore|x64.Deploy.0 = Release|x64
		{70952801-1168-42B3-8857-8AA7C39962D6}.AppStore|x86.ActiveCfg = Release|x86
		{70952801-1168-42B3-8857-8AA7C39962D6}.AppStore|x86.Build.0 = Release|x86
		{70952801-1168-42B3-8857-8AA7C39962D6}.AppStore|x86.Deploy.0 = Release|x86
		{70952801-1168-42B3-8857-8AA7C39962D6}.Debug|Any CPU.ActiveCfg = Debug|x86
		{70952801-1168-42B3-8857-8AA7C39962D6}.Debug|Any CPU.Build.0 = Debug|x86
		{70952801-1168-42B3-8857-8AA7C39962D6}.Debug|Any CPU.Deploy.0 = Debug|x86
		{70952801-1168-42B3-8857-8AA7C39962D6}.Debug|ARM.ActiveCfg = Debug|ARM
		{70952801-1168-42B3-8857-8AA7C39962D6}.Debug|ARM.Build.0 = Debug|ARM
		{70952801-1168-42B3-8857-8AA7C39962D6}.Debug|ARM.Deploy.0 = Debug|ARM
		{70952801-1168-42B3-8857-8AA7C39962D6}.Debug|iPhone.ActiveCfg = Debug|x86
		{70952801-1168-42B3-8857-8AA7C39962D6}.Debug|iPhone.Build.0 = Debug|x86
		{70952801-1168-42B3-8857-8AA7C39962D6}.Debug|iPhone.Deploy.0 = Debug|x86
		{70952801-1168-42B3-8857-8AA7C39962D6}.Debug|iPhoneSimulator.ActiveCfg = Debug|x86
		{70952801-1168-42B3-8857-8AA7C39962D6}.Debug|iPhoneSimulator.Build.0 = Debug|x86
		{70952801-1168-42B3-8857-8AA7C39962D6}.Debug|iPhoneSimulator.Deploy.0 = Debug|x86
		{70952801-1168-42B3-8857-8AA7C39962D6}.Debug|x64.ActiveCfg = Debug|x64
		{70952801-1168-42B3-8857-8AA7C39962D6}.Debug|x64.Build.0 = Debug|x64
		{70952801-1168-42B3-8857-8AA7C39962D6}.Debug|x64.Deploy.0 = Debug|x64
		{70952801-1168-42B3-8857-8AA7C39962D6}.Debug|x86.ActiveCfg = Debug|x86
		{70952801-1168-42B3-8857-8AA7C39962D6}.Debug|x86.Build.0 = Debug|x86
		{70952801-1168-42B3-8857-8AA7C39962D6}.Debug|x86.Deploy.0 = Debug|x86
		{70952801-1168-42B3-8857-8AA7C39962D6}.Release|Any CPU.ActiveCfg = Release|x86
		{70952801-1168-42B3-8857-8AA7C39962D6}.Release|Any CPU.Build.0 = Release|x86
		{70952801-1168-42B3-8857-8AA7C39962D6}.Release|Any CPU.Deploy.0 = Release|x86
		{70952801-1168-42B3-8857-8AA7C39962D6}.Release|ARM.ActiveCfg = Release|ARM
		{70952801-1168-42B3-8857-8AA7C39962D6}.Release|ARM.Build.0 = Release|ARM
		{70952801-1168-42B3-8857-8AA7C39962D6}.Release|ARM.Deploy.0 = Release|ARM
		{70952801-1168-42B3-8857-8AA7C39962D6}.Release|iPhone.ActiveCfg = Release|x86
		{70952801-1168-42B3-8857-8AA7C39962D6}.Release|iPhone.Build.0 = Release|x86
		{70952801-1168-42B3-8857-8AA7C39962D6}.Release|iPhone.Deploy.0 = Release|x86
		{70952801-1168-42B3-8857-8AA7C39962D6}.Release|iPhoneSimulator.ActiveCfg = Release|x86
		{70952801-1168-42B3-8857-8AA7C39962D6}.Release|iPhoneSimulator.Build.0 = Release|x86
		{70952801-1168-42B3-8857-8AA7C39962D6}.Release|iPhoneSimulator.Deploy.0 = Release|x86
		{70952801-1168-42B3-8857-8AA7C39962D6}.Release|x64.ActiveCfg = Release|x64
		{70952801-1168-42B3-8857-8AA7C39962D6}.Release|x64.Build.0 = Release|x64
		{70952801-1168-42B3-8857-8AA7C39962D6}.Release|x64.Deploy.0 = Release|x64
		{70952801-1168-42B3-8857-8AA7C39962D6}.Release|x86.ActiveCfg = Release|x86
		{70952801-1168-42B3-8857-8AA7C39962D6}.Release|x86.Build.0 = Release|x86
		{70952801-1168-42B3-8857-8AA7C39962D6}.Release|x86.Deploy.0 = Release|x86
		{F8C387FF-9489-4AC0-BA3B-D83A734BB57E}.Ad-Hoc|Any CPU.ActiveCfg = Debug|Any CPU
		{F8C387FF-9489-4AC0-BA3B-D83A734BB57E}.Ad-Hoc|Any CPU.Build.0 = Debug|Any CPU
		{F8C387FF-9489-4AC0-BA3B-D83A734BB57E}.Ad-Hoc|Any CPU.Deploy.0 = Debug|Any CPU
		{F8C387FF-9489-4AC0-BA3B-D83A734BB57E}.Ad-Hoc|ARM.ActiveCfg = Debug|Any CPU
		{F8C387FF-9489-4AC0-BA3B-D83A734BB57E}.Ad-Hoc|ARM.Build.0 = Debug|Any CPU
		{F8C387FF-9489-4AC0-BA3B-D83A734BB57E}.Ad-Hoc|ARM.Deploy.0 = Debug|Any CPU
		{F8C387FF-9489-4AC0-BA3B-D83A734BB57E}.Ad-Hoc|iPhone.ActiveCfg = Debug|Any CPU
		{F8C387FF-9489-4AC0-BA3B-D83A734BB57E}.Ad-Hoc|iPhone.Build.0 = Debug|Any CPU
		{F8C387FF-9489-4AC0-BA3B-D83A734BB57E}.Ad-Hoc|iPhone.Deploy.0 = Debug|Any CPU
		{F8C387FF-9489-4AC0-BA3B-D83A734BB57E}.Ad-Hoc|iPhoneSimulator.ActiveCfg = Debug|Any CPU
		{F8C387FF-9489-4AC0-BA3B-D83A734BB57E}.Ad-Hoc|iPhoneSimulator.Build.0 = Debug|Any CPU
		{F8C387FF-9489-4AC0-BA3B-D83A734BB57E}.Ad-Hoc|iPhoneSimulator.Deploy.0 = Debug|Any CPU
		{F8C387FF-9489-4AC0-BA3B-D83A734BB57E}.Ad-Hoc|x64.ActiveCfg = Debug|Any CPU
		{F8C387FF-9489-4AC0-BA3B-D83A734BB57E}.Ad-Hoc|x64.Build.0 = Debug|Any CPU
		{F8C387FF-9489-4AC0-BA3B-D83A734BB57E}.Ad-Hoc|x64.Deploy.0 = Debug|Any CPU
		{F8C387FF-9489-4AC0-BA3B-D83A734BB57E}.Ad-Hoc|x86.ActiveCfg = Debug|Any CPU
		{F8C387FF-9489-4AC0-BA3B-D83A734BB57E}.Ad-Hoc|x86.Build.0 = Debug|Any CPU
		{F8C387FF-9489-4AC0-BA3B-D83A734BB57E}.Ad-Hoc|x86.Deploy.0 = Debug|Any CPU
		{F8C387FF-9489-4AC0-BA3B-D83A734BB57E}.AppStore|Any CPU.ActiveCfg = Debug|Any CPU
		{F8C387FF-9489-4AC0-BA3B-D83A734BB57E}.AppStore|Any CPU.Build.0 = Debug|Any CPU
		{F8C387FF-9489-4AC0-BA3B-D83A734BB57E}.AppStore|Any CPU.Deploy.0 = Debug|Any CPU
		{F8C387FF-9489-4AC0-BA3B-D83A734BB57E}.AppStore|ARM.ActiveCfg = Debug|Any CPU
		{F8C387FF-9489-4AC0-BA3B-D83A734BB57E}.AppStore|ARM.Build.0 = Debug|Any CPU
		{F8C387FF-9489-4AC0-BA3B-D83A734BB57E}.AppStore|ARM.Deploy.0 = Debug|Any CPU
		{F8C387FF-9489-4AC0-BA3B-D83A734BB57E}.AppStore|iPhone.ActiveCfg = Debug|Any CPU
		{F8C387FF-9489-4AC0-BA3B-D83A734BB57E}.AppStore|iPhone.Build.0 = Debug|Any CPU
		{F8C387FF-9489-4AC0-BA3B-D83A734BB57E}.AppStore|iPhone.Deploy.0 = Debug|Any CPU
		{F8C387FF-9489-4AC0-BA3B-D83A734BB57E}.AppStore|iPhoneSimulator.ActiveCfg = Debug|Any CPU
		{F8C387FF-9489-4AC0-BA3B-D83A734BB57E}.AppStore|iPhoneSimulator.Build.0 = Debug|Any CPU
		{F8C387FF-9489-4AC0-BA3B-D83A734BB57E}.AppStore|iPhoneSimulator.Deploy.0 = Debug|Any CPU
		{F8C387FF-9489-4AC0-BA3B-D83A734BB57E}.AppStore|x64.ActiveCfg = Debug|Any CPU
		{F8C387FF-9489-4AC0-BA3B-D83A734BB57E}.AppStore|x64.Build.0 = Debug|Any CPU
		{F8C387FF-9489-4AC0-BA3B-D83A734BB57E}.AppStore|x64.Deploy.0 = Debug|Any CPU
		{F8C387FF-9489-4AC0-BA3B-D83A734BB57E}.AppStore|x86.ActiveCfg = Debug|Any CPU
		{F8C387FF-9489-4AC0-BA3B-D83A734BB57E}.AppStore|x86.Build.0 = Debug|Any CPU
		{F8C387FF-9489-4AC0-BA3B-D83A734BB57E}.AppStore|x86.Deploy.0 = Debug|Any CPU
		{F8C387FF-9489-4AC0-BA3B-D83A734BB57E}.Debug|Any CPU.ActiveCfg = Debug|Any CPU
		{F8C387FF-9489-4AC0-BA3B-D83A734BB57E}.Debug|Any CPU.Build.0 = Debug|Any CPU
		{F8C387FF-9489-4AC0-BA3B-D83A734BB57E}.Debug|Any CPU.Deploy.0 = Debug|Any CPU
		{F8C387FF-9489-4AC0-BA3B-D83A734BB57E}.Debug|ARM.ActiveCfg = Debug|Any CPU
		{F8C387FF-9489-4AC0-BA3B-D83A734BB57E}.Debug|ARM.Build.0 = Debug|Any CPU
		{F8C387FF-9489-4AC0-BA3B-D83A734BB57E}.Debug|ARM.Deploy.0 = Debug|Any CPU
		{F8C387FF-9489-4AC0-BA3B-D83A734BB57E}.Debug|iPhone.ActiveCfg = Debug|Any CPU
		{F8C387FF-9489-4AC0-BA3B-D83A734BB57E}.Debug|iPhone.Build.0 = Debug|Any CPU
		{F8C387FF-9489-4AC0-BA3B-D83A734BB57E}.Debug|iPhone.Deploy.0 = Debug|Any CPU
		{F8C387FF-9489-4AC0-BA3B-D83A734BB57E}.Debug|iPhoneSimulator.ActiveCfg = Debug|Any CPU
		{F8C387FF-9489-4AC0-BA3B-D83A734BB57E}.Debug|iPhoneSimulator.Build.0 = Debug|Any CPU
		{F8C387FF-9489-4AC0-BA3B-D83A734BB57E}.Debug|iPhoneSimulator.Deploy.0 = Debug|Any CPU
		{F8C387FF-9489-4AC0-BA3B-D83A734BB57E}.Debug|x64.ActiveCfg = Debug|Any CPU
		{F8C387FF-9489-4AC0-BA3B-D83A734BB57E}.Debug|x64.Build.0 = Debug|Any CPU
		{F8C387FF-9489-4AC0-BA3B-D83A734BB57E}.Debug|x64.Deploy.0 = Debug|Any CPU
		{F8C387FF-9489-4AC0-BA3B-D83A734BB57E}.Debug|x86.ActiveCfg = Debug|Any CPU
		{F8C387FF-9489-4AC0-BA3B-D83A734BB57E}.Debug|x86.Build.0 = Debug|Any CPU
		{F8C387FF-9489-4AC0-BA3B-D83A734BB57E}.Debug|x86.Deploy.0 = Debug|Any CPU
		{F8C387FF-9489-4AC0-BA3B-D83A734BB57E}.Release|Any CPU.ActiveCfg = Release|Any CPU
		{F8C387FF-9489-4AC0-BA3B-D83A734BB57E}.Release|Any CPU.Build.0 = Release|Any CPU
		{F8C387FF-9489-4AC0-BA3B-D83A734BB57E}.Release|Any CPU.Deploy.0 = Release|Any CPU
		{F8C387FF-9489-4AC0-BA3B-D83A734BB57E}.Release|ARM.ActiveCfg = Release|Any CPU
		{F8C387FF-9489-4AC0-BA3B-D83A734BB57E}.Release|ARM.Build.0 = Release|Any CPU
		{F8C387FF-9489-4AC0-BA3B-D83A734BB57E}.Release|ARM.Deploy.0 = Release|Any CPU
		{F8C387FF-9489-4AC0-BA3B-D83A734BB57E}.Release|iPhone.ActiveCfg = Release|Any CPU
		{F8C387FF-9489-4AC0-BA3B-D83A734BB57E}.Release|iPhone.Build.0 = Release|Any CPU
		{F8C387FF-9489-4AC0-BA3B-D83A734BB57E}.Release|iPhone.Deploy.0 = Release|Any CPU
		{F8C387FF-9489-4AC0-BA3B-D83A734BB57E}.Release|iPhoneSimulator.ActiveCfg = Release|Any CPU
		{F8C387FF-9489-4AC0-BA3B-D83A734BB57E}.Release|iPhoneSimulator.Build.0 = Release|Any CPU
		{F8C387FF-9489-4AC0-BA3B-D83A734BB57E}.Release|iPhoneSimulator.Deploy.0 = Release|Any CPU
		{F8C387FF-9489-4AC0-BA3B-D83A734BB57E}.Release|x64.ActiveCfg = Release|Any CPU
		{F8C387FF-9489-4AC0-BA3B-D83A734BB57E}.Release|x64.Build.0 = Release|Any CPU
		{F8C387FF-9489-4AC0-BA3B-D83A734BB57E}.Release|x64.Deploy.0 = Release|Any CPU
		{F8C387FF-9489-4AC0-BA3B-D83A734BB57E}.Release|x86.ActiveCfg = Release|Any CPU
		{F8C387FF-9489-4AC0-BA3B-D83A734BB57E}.Release|x86.Build.0 = Release|Any CPU
		{F8C387FF-9489-4AC0-BA3B-D83A734BB57E}.Release|x86.Deploy.0 = Release|Any CPU
	EndGlobalSection
	GlobalSection(SolutionProperties) = preSolution
		HideSolutionNode = FALSE
	EndGlobalSection
	GlobalSection(ExtensibilityGlobals) = postSolution
		SolutionGuid = {AF36E774-5124-4BE9-BB29-C28F74EB9DC0}
	EndGlobalSection
EndGlobal
